
Microsoft Visual Studio Solution File, Format Version 12.00
# Visual Studio Version 17
VisualStudioVersion = 17.5.002.0
MinimumVisualStudioVersion = 10.0.40219.1
Project("{9A19103F-16F7-4668-BE54-9A1E7A4F7556}") = "test", "test.csproj", "{10BDE4B8-A269-4DF4-83C9-46AE52CC1F3A}"
EndProject
Global
	GlobalSection(SolutionConfigurationPlatforms) = preSolution
		Debug|Any CPU = Debug|Any CPU
		Release|Any CPU = Release|Any CPU
	EndGlobalSection
	GlobalSection(ProjectConfigurationPlatforms) = postSolution
		{10BDE4B8-A269-4DF4-83C9-46AE52CC1F3A}.Debug|Any CPU.ActiveCfg = Debug|Any CPU
		{10BDE4B8-A269-4DF4-83C9-46AE52CC1F3A}.Debug|Any CPU.Build.0 = Debug|Any CPU
		{10BDE4B8-A269-4DF4-83C9-46AE52CC1F3A}.Release|Any CPU.ActiveCfg = Release|Any CPU
		{10BDE4B8-A269-4DF4-83C9-46AE52CC1F3A}.Release|Any CPU.Build.0 = Release|Any CPU
	EndGlobalSection
	GlobalSection(SolutionProperties) = preSolution
		HideSolutionNode = FALSE
	EndGlobalSection
	GlobalSection(ExtensibilityGlobals) = postSolution
		SolutionGuid = {BF5D85C7-56E4-48EA-B695-4DF2282C7EDB}
	EndGlobalSection
EndGlobal
